
Microsoft Visual Studio Solution File, Format Version 12.00
# Visual Studio Version 17
VisualStudioVersion = 17.11.35312.102
MinimumVisualStudioVersion = 10.0.40219.1
Project("{FAE04EC0-301F-11D3-BF4B-00C04F79EFBC}") = "TRPO_course_project", "TRPO_course_project\TRPO_course_project.csproj", "{186BDC18-1072-4DF4-9D52-14D35B9F195C}"
EndProject
Global
	GlobalSection(SolutionConfigurationPlatforms) = preSolution
		Debug|Any CPU = Debug|Any CPU
		Release|Any CPU = Release|Any CPU
	EndGlobalSection
	GlobalSection(ProjectConfigurationPlatforms) = postSolution
		{186BDC18-1072-4DF4-9D52-14D35B9F195C}.Debug|Any CPU.ActiveCfg = Debug|Any CPU
		{186BDC18-1072-4DF4-9D52-14D35B9F195C}.Debug|Any CPU.Build.0 = Debug|Any CPU
		{186BDC18-1072-4DF4-9D52-14D35B9F195C}.Release|Any CPU.ActiveCfg = Release|Any CPU
		{186BDC18-1072-4DF4-9D52-14D35B9F195C}.Release|Any CPU.Build.0 = Release|Any CPU
	EndGlobalSection
	GlobalSection(SolutionProperties) = preSolution
		HideSolutionNode = FALSE
	EndGlobalSection
	GlobalSection(ExtensibilityGlobals) = postSolution
		SolutionGuid = {4FAC3C4A-2FD3-4F77-9C5E-D764FC581D09}
	EndGlobalSection
EndGlobal
